// !$*UTF8*$!
{
	archiveVersion = 1;
	classes = {
	};
	objectVersion = 56;
	objects = {

/* Begin PBXBuildFile section */
		5E2C347F290EB29E00A70879 /* AppGroup.swift in Sources */ = {isa = PBXBuildFile; fileRef = 5E2C347E290EB29E00A70879 /* AppGroup.swift */; };
		5E2C3481291006C800A70879 /* SocialApp.swift in Sources */ = {isa = PBXBuildFile; fileRef = 5E2C3480291006C800A70879 /* SocialApp.swift */; };
		5E38B05A29068A9E00C3576D /* AppsPageHeader.swift in Sources */ = {isa = PBXBuildFile; fileRef = 5E38B05929068A9E00C3576D /* AppsPageHeader.swift */; };
		5E38B05C29068E8C00C3576D /* AppsHeaderHorizontalController.swift in Sources */ = {isa = PBXBuildFile; fileRef = 5E38B05B29068E8C00C3576D /* AppsHeaderHorizontalController.swift */; };
		5E38B05E2906E5E500C3576D /* AppsHeaderCell.swift in Sources */ = {isa = PBXBuildFile; fileRef = 5E38B05D2906E5E500C3576D /* AppsHeaderCell.swift */; };
		5E8741EE2900458900F93C34 /* AppsSearchController.swift in Sources */ = {isa = PBXBuildFile; fileRef = 5E8741ED2900458900F93C34 /* AppsSearchController.swift */; };
		5E8741F129004C0A00F93C34 /* SearchResultCell.swift in Sources */ = {isa = PBXBuildFile; fileRef = 5E8741F029004C0A00F93C34 /* SearchResultCell.swift */; };
		5E8741F42901336900F93C34 /* 05_UIView+Layout.swift in Sources */ = {isa = PBXBuildFile; fileRef = 5E8741F32901336900F93C34 /* 05_UIView+Layout.swift */; };
		5E8741F629015BD000F93C34 /* VerticalStackView.swift in Sources */ = {isa = PBXBuildFile; fileRef = 5E8741F529015BD000F93C34 /* VerticalStackView.swift */; };
		5E8741F92901797000F93C34 /* SearchResult.swift in Sources */ = {isa = PBXBuildFile; fileRef = 5E8741F82901797000F93C34 /* SearchResult.swift */; };
		5E8741FC290187C200F93C34 /* Service.swift in Sources */ = {isa = PBXBuildFile; fileRef = 5E8741FB290187C200F93C34 /* Service.swift */; };
		5E8741FF2902AD3C00F93C34 /* SDWebImage in Frameworks */ = {isa = PBXBuildFile; productRef = 5E8741FE2902AD3C00F93C34 /* SDWebImage */; };
		5E87420229041B9700F93C34 /* AppsPageController.swift in Sources */ = {isa = PBXBuildFile; fileRef = 5E87420129041B9700F93C34 /* AppsPageController.swift */; };
		5E87420429041CEC00F93C34 /* BaseListController.swift in Sources */ = {isa = PBXBuildFile; fileRef = 5E87420329041CEC00F93C34 /* BaseListController.swift */; };
		5E87420829041F9800F93C34 /* AppsGroupCell.swift in Sources */ = {isa = PBXBuildFile; fileRef = 5E87420729041F9800F93C34 /* AppsGroupCell.swift */; };
		5E87420A2904237800F93C34 /* Extensions.swift in Sources */ = {isa = PBXBuildFile; fileRef = 5E8742092904237800F93C34 /* Extensions.swift */; };
		5E87420C2904281900F93C34 /* AppsHorizontalController.swift in Sources */ = {isa = PBXBuildFile; fileRef = 5E87420B2904281900F93C34 /* AppsHorizontalController.swift */; };
		5E87420E2904350500F93C34 /* AppRowCell.swift in Sources */ = {isa = PBXBuildFile; fileRef = 5E87420D2904350500F93C34 /* AppRowCell.swift */; };
		5ED7A94928FEFA01009CE3D0 /* AppDelegate.swift in Sources */ = {isa = PBXBuildFile; fileRef = 5ED7A94828FEFA01009CE3D0 /* AppDelegate.swift */; };
		5ED7A94B28FEFA01009CE3D0 /* SceneDelegate.swift in Sources */ = {isa = PBXBuildFile; fileRef = 5ED7A94A28FEFA01009CE3D0 /* SceneDelegate.swift */; };
		5ED7A94D28FEFA01009CE3D0 /* ViewController.swift in Sources */ = {isa = PBXBuildFile; fileRef = 5ED7A94C28FEFA01009CE3D0 /* ViewController.swift */; };
		5ED7A95028FEFA01009CE3D0 /* Main.storyboard in Resources */ = {isa = PBXBuildFile; fileRef = 5ED7A94E28FEFA01009CE3D0 /* Main.storyboard */; };
		5ED7A95228FEFA02009CE3D0 /* Assets.xcassets in Resources */ = {isa = PBXBuildFile; fileRef = 5ED7A95128FEFA02009CE3D0 /* Assets.xcassets */; };
		5ED7A95528FEFA02009CE3D0 /* LaunchScreen.storyboard in Resources */ = {isa = PBXBuildFile; fileRef = 5ED7A95328FEFA02009CE3D0 /* LaunchScreen.storyboard */; };
		5ED7A95D28FEFD68009CE3D0 /* BaseTabBarController.swift in Sources */ = {isa = PBXBuildFile; fileRef = 5ED7A95C28FEFD68009CE3D0 /* BaseTabBarController.swift */; };
		5ED9714C291282D0004D82FB /* HorizontalSnappingController.swift in Sources */ = {isa = PBXBuildFile; fileRef = 5ED9714B291282D0004D82FB /* HorizontalSnappingController.swift */; };
		5ED9714E29129F35004D82FB /* BetterSnappingLayout.swift in Sources */ = {isa = PBXBuildFile; fileRef = 5ED9714D29129F35004D82FB /* BetterSnappingLayout.swift */; };
		5ED971512912B9C7004D82FB /* AppDetailController.swift in Sources */ = {isa = PBXBuildFile; fileRef = 5ED971502912B9C7004D82FB /* AppDetailController.swift */; };
		5ED971542912C81F004D82FB /* AppDetailCell.swift in Sources */ = {isa = PBXBuildFile; fileRef = 5ED971532912C81F004D82FB /* AppDetailCell.swift */; };
		5ED971562913C307004D82FB /* PreviewCell.swift in Sources */ = {isa = PBXBuildFile; fileRef = 5ED971552913C307004D82FB /* PreviewCell.swift */; };
		5ED971582913D366004D82FB /* PreviewScreenshotsController.swift in Sources */ = {isa = PBXBuildFile; fileRef = 5ED971572913D366004D82FB /* PreviewScreenshotsController.swift */; };
		5ED9715A2913D7F9004D82FB /* ScreenshotCell.swift in Sources */ = {isa = PBXBuildFile; fileRef = 5ED971592913D7F9004D82FB /* ScreenshotCell.swift */; };
/* End PBXBuildFile section */

/* Begin PBXFileReference section */
		5E2C347E290EB29E00A70879 /* AppGroup.swift */ = {isa = PBXFileReference; lastKnownFileType = sourcecode.swift; path = AppGroup.swift; sourceTree = "<group>"; };
		5E2C3480291006C800A70879 /* SocialApp.swift */ = {isa = PBXFileReference; lastKnownFileType = sourcecode.swift; path = SocialApp.swift; sourceTree = "<group>"; };
		5E38B05929068A9E00C3576D /* AppsPageHeader.swift */ = {isa = PBXFileReference; lastKnownFileType = sourcecode.swift; path = AppsPageHeader.swift; sourceTree = "<group>"; };
		5E38B05B29068E8C00C3576D /* AppsHeaderHorizontalController.swift */ = {isa = PBXFileReference; lastKnownFileType = sourcecode.swift; path = AppsHeaderHorizontalController.swift; sourceTree = "<group>"; };
		5E38B05D2906E5E500C3576D /* AppsHeaderCell.swift */ = {isa = PBXFileReference; lastKnownFileType = sourcecode.swift; path = AppsHeaderCell.swift; sourceTree = "<group>"; };
		5E8741ED2900458900F93C34 /* AppsSearchController.swift */ = {isa = PBXFileReference; lastKnownFileType = sourcecode.swift; path = AppsSearchController.swift; sourceTree = "<group>"; };
		5E8741F029004C0A00F93C34 /* SearchResultCell.swift */ = {isa = PBXFileReference; lastKnownFileType = sourcecode.swift; path = SearchResultCell.swift; sourceTree = "<group>"; };
		5E8741F32901336900F93C34 /* 05_UIView+Layout.swift */ = {isa = PBXFileReference; fileEncoding = 4; lastKnownFileType = sourcecode.swift; path = "05_UIView+Layout.swift"; sourceTree = "<group>"; };
		5E8741F529015BD000F93C34 /* VerticalStackView.swift */ = {isa = PBXFileReference; lastKnownFileType = sourcecode.swift; path = VerticalStackView.swift; sourceTree = "<group>"; };
		5E8741F82901797000F93C34 /* SearchResult.swift */ = {isa = PBXFileReference; lastKnownFileType = sourcecode.swift; path = SearchResult.swift; sourceTree = "<group>"; };
		5E8741FB290187C200F93C34 /* Service.swift */ = {isa = PBXFileReference; lastKnownFileType = sourcecode.swift; path = Service.swift; sourceTree = "<group>"; };
		5E87420129041B9700F93C34 /* AppsPageController.swift */ = {isa = PBXFileReference; lastKnownFileType = sourcecode.swift; path = AppsPageController.swift; sourceTree = "<group>"; };
		5E87420329041CEC00F93C34 /* BaseListController.swift */ = {isa = PBXFileReference; lastKnownFileType = sourcecode.swift; path = BaseListController.swift; sourceTree = "<group>"; };
		5E87420729041F9800F93C34 /* AppsGroupCell.swift */ = {isa = PBXFileReference; lastKnownFileType = sourcecode.swift; path = AppsGroupCell.swift; sourceTree = "<group>"; };
		5E8742092904237800F93C34 /* Extensions.swift */ = {isa = PBXFileReference; lastKnownFileType = sourcecode.swift; path = Extensions.swift; sourceTree = "<group>"; };
		5E87420B2904281900F93C34 /* AppsHorizontalController.swift */ = {isa = PBXFileReference; lastKnownFileType = sourcecode.swift; path = AppsHorizontalController.swift; sourceTree = "<group>"; };
		5E87420D2904350500F93C34 /* AppRowCell.swift */ = {isa = PBXFileReference; lastKnownFileType = sourcecode.swift; path = AppRowCell.swift; sourceTree = "<group>"; };
		5ED7A94528FEFA01009CE3D0 /* AppStoreJSONAPIs.app */ = {isa = PBXFileReference; explicitFileType = wrapper.application; includeInIndex = 0; path = AppStoreJSONAPIs.app; sourceTree = BUILT_PRODUCTS_DIR; };
		5ED7A94828FEFA01009CE3D0 /* AppDelegate.swift */ = {isa = PBXFileReference; lastKnownFileType = sourcecode.swift; path = AppDelegate.swift; sourceTree = "<group>"; };
		5ED7A94A28FEFA01009CE3D0 /* SceneDelegate.swift */ = {isa = PBXFileReference; lastKnownFileType = sourcecode.swift; path = SceneDelegate.swift; sourceTree = "<group>"; };
		5ED7A94C28FEFA01009CE3D0 /* ViewController.swift */ = {isa = PBXFileReference; lastKnownFileType = sourcecode.swift; path = ViewController.swift; sourceTree = "<group>"; };
		5ED7A94F28FEFA01009CE3D0 /* Base */ = {isa = PBXFileReference; lastKnownFileType = file.storyboard; name = Base; path = Base.lproj/Main.storyboard; sourceTree = "<group>"; };
		5ED7A95128FEFA02009CE3D0 /* Assets.xcassets */ = {isa = PBXFileReference; lastKnownFileType = folder.assetcatalog; path = Assets.xcassets; sourceTree = "<group>"; };
		5ED7A95428FEFA02009CE3D0 /* Base */ = {isa = PBXFileReference; lastKnownFileType = file.storyboard; name = Base; path = Base.lproj/LaunchScreen.storyboard; sourceTree = "<group>"; };
		5ED7A95628FEFA02009CE3D0 /* Info.plist */ = {isa = PBXFileReference; lastKnownFileType = text.plist.xml; path = Info.plist; sourceTree = "<group>"; };
		5ED7A95C28FEFD68009CE3D0 /* BaseTabBarController.swift */ = {isa = PBXFileReference; lastKnownFileType = sourcecode.swift; path = BaseTabBarController.swift; sourceTree = "<group>"; };
		5ED9714B291282D0004D82FB /* HorizontalSnappingController.swift */ = {isa = PBXFileReference; lastKnownFileType = sourcecode.swift; path = HorizontalSnappingController.swift; sourceTree = "<group>"; };
		5ED9714D29129F35004D82FB /* BetterSnappingLayout.swift */ = {isa = PBXFileReference; lastKnownFileType = sourcecode.swift; path = BetterSnappingLayout.swift; sourceTree = "<group>"; };
		5ED971502912B9C7004D82FB /* AppDetailController.swift */ = {isa = PBXFileReference; lastKnownFileType = sourcecode.swift; path = AppDetailController.swift; sourceTree = "<group>"; };
		5ED971532912C81F004D82FB /* AppDetailCell.swift */ = {isa = PBXFileReference; lastKnownFileType = sourcecode.swift; path = AppDetailCell.swift; sourceTree = "<group>"; };
		5ED971552913C307004D82FB /* PreviewCell.swift */ = {isa = PBXFileReference; lastKnownFileType = sourcecode.swift; path = PreviewCell.swift; sourceTree = "<group>"; };
		5ED971572913D366004D82FB /* PreviewScreenshotsController.swift */ = {isa = PBXFileReference; lastKnownFileType = sourcecode.swift; path = PreviewScreenshotsController.swift; sourceTree = "<group>"; };
		5ED971592913D7F9004D82FB /* ScreenshotCell.swift */ = {isa = PBXFileReference; lastKnownFileType = sourcecode.swift; path = ScreenshotCell.swift; sourceTree = "<group>"; };
/* End PBXFileReference section */

/* Begin PBXFrameworksBuildPhase section */
		5ED7A94228FEFA01009CE3D0 /* Frameworks */ = {
			isa = PBXFrameworksBuildPhase;
			buildActionMask = 2147483647;
			files = (
				5E8741FF2902AD3C00F93C34 /* SDWebImage in Frameworks */,
			);
			runOnlyForDeploymentPostprocessing = 0;
		};
/* End PBXFrameworksBuildPhase section */

/* Begin PBXGroup section */
		5E8741EC2900452E00F93C34 /* Controller */ = {
			isa = PBXGroup;
			children = (
				5E87420529041DBF00F93C34 /* Search */,
				5E87420029041B5B00F93C34 /* Apps */,
				5ED7A95C28FEFD68009CE3D0 /* BaseTabBarController.swift */,
				5E87420329041CEC00F93C34 /* BaseListController.swift */,
				5ED9714B291282D0004D82FB /* HorizontalSnappingController.swift */,
			);
			path = Controller;
			sourceTree = "<group>";
		};
		5E8741EF29004BDF00F93C34 /* Views */ = {
			isa = PBXGroup;
			children = (
				5E87420629041F8400F93C34 /* Apps */,
				5E8741F029004C0A00F93C34 /* SearchResultCell.swift */,
			);
			path = Views;
			sourceTree = "<group>";
		};
		5E8741F22901333E00F93C34 /* Helpers */ = {
			isa = PBXGroup;
			children = (
				5E8741F32901336900F93C34 /* 05_UIView+Layout.swift */,
				5E8741F529015BD000F93C34 /* VerticalStackView.swift */,
				5E8742092904237800F93C34 /* Extensions.swift */,
				5ED9714D29129F35004D82FB /* BetterSnappingLayout.swift */,
			);
			path = Helpers;
			sourceTree = "<group>";
		};
		5E8741F72901794C00F93C34 /* Model */ = {
			isa = PBXGroup;
			children = (
				5E8741F82901797000F93C34 /* SearchResult.swift */,
				5E2C347E290EB29E00A70879 /* AppGroup.swift */,
				5E2C3480291006C800A70879 /* SocialApp.swift */,
			);
			path = Model;
			sourceTree = "<group>";
		};
		5E8741FA2901877700F93C34 /* Service */ = {
			isa = PBXGroup;
			children = (
				5E8741FB290187C200F93C34 /* Service.swift */,
			);
			path = Service;
			sourceTree = "<group>";
		};
		5E87420029041B5B00F93C34 /* Apps */ = {
			isa = PBXGroup;
			children = (
				5ED9714F2912B9AA004D82FB /* Details */,
				5E87420129041B9700F93C34 /* AppsPageController.swift */,
				5E87420B2904281900F93C34 /* AppsHorizontalController.swift */,
				5E38B05B29068E8C00C3576D /* AppsHeaderHorizontalController.swift */,
			);
			path = Apps;
			sourceTree = "<group>";
		};
		5E87420529041DBF00F93C34 /* Search */ = {
			isa = PBXGroup;
			children = (
				5E8741ED2900458900F93C34 /* AppsSearchController.swift */,
			);
			path = Search;
			sourceTree = "<group>";
		};
		5E87420629041F8400F93C34 /* Apps */ = {
			isa = PBXGroup;
			children = (
				5ED971522912C802004D82FB /* Details */,
				5E87420729041F9800F93C34 /* AppsGroupCell.swift */,
				5E87420D2904350500F93C34 /* AppRowCell.swift */,
				5E38B05929068A9E00C3576D /* AppsPageHeader.swift */,
				5E38B05D2906E5E500C3576D /* AppsHeaderCell.swift */,
			);
			path = Apps;
			sourceTree = "<group>";
		};
		5ED7A93C28FEFA01009CE3D0 = {
			isa = PBXGroup;
			children = (
				5ED7A94728FEFA01009CE3D0 /* AppStoreJSONAPIs */,
				5ED7A94628FEFA01009CE3D0 /* Products */,
			);
			sourceTree = "<group>";
		};
		5ED7A94628FEFA01009CE3D0 /* Products */ = {
			isa = PBXGroup;
			children = (
				5ED7A94528FEFA01009CE3D0 /* AppStoreJSONAPIs.app */,
			);
			name = Products;
			sourceTree = "<group>";
		};
		5ED7A94728FEFA01009CE3D0 /* AppStoreJSONAPIs */ = {
			isa = PBXGroup;
			children = (
				5E8741FA2901877700F93C34 /* Service */,
				5E8741F72901794C00F93C34 /* Model */,
				5E8741F22901333E00F93C34 /* Helpers */,
				5E8741EF29004BDF00F93C34 /* Views */,
				5E8741EC2900452E00F93C34 /* Controller */,
				5ED7A94828FEFA01009CE3D0 /* AppDelegate.swift */,
				5ED7A94A28FEFA01009CE3D0 /* SceneDelegate.swift */,
				5ED7A94C28FEFA01009CE3D0 /* ViewController.swift */,
				5ED7A94E28FEFA01009CE3D0 /* Main.storyboard */,
				5ED7A95128FEFA02009CE3D0 /* Assets.xcassets */,
				5ED7A95328FEFA02009CE3D0 /* LaunchScreen.storyboard */,
				5ED7A95628FEFA02009CE3D0 /* Info.plist */,
			);
			path = AppStoreJSONAPIs;
			sourceTree = "<group>";
		};
		5ED9714F2912B9AA004D82FB /* Details */ = {
			isa = PBXGroup;
			children = (
				5ED971502912B9C7004D82FB /* AppDetailController.swift */,
				5ED971572913D366004D82FB /* PreviewScreenshotsController.swift */,
			);
			path = Details;
			sourceTree = "<group>";
		};
		5ED971522912C802004D82FB /* Details */ = {
			isa = PBXGroup;
			children = (
				5ED971532912C81F004D82FB /* AppDetailCell.swift */,
				5ED971552913C307004D82FB /* PreviewCell.swift */,
				5ED971592913D7F9004D82FB /* ScreenshotCell.swift */,
			);
			path = Details;
			sourceTree = "<group>";
		};
/* End PBXGroup section */

/* Begin PBXNativeTarget section */
		5ED7A94428FEFA01009CE3D0 /* AppStoreJSONAPIs */ = {
			isa = PBXNativeTarget;
			buildConfigurationList = 5ED7A95928FEFA02009CE3D0 /* Build configuration list for PBXNativeTarget "AppStoreJSONAPIs" */;
			buildPhases = (
				5ED7A94128FEFA01009CE3D0 /* Sources */,
				5ED7A94228FEFA01009CE3D0 /* Frameworks */,
				5ED7A94328FEFA01009CE3D0 /* Resources */,
			);
			buildRules = (
			);
			dependencies = (
			);
			name = AppStoreJSONAPIs;
			packageProductDependencies = (
				5E8741FE2902AD3C00F93C34 /* SDWebImage */,
			);
			productName = AppStoreJSONAPIs;
			productReference = 5ED7A94528FEFA01009CE3D0 /* AppStoreJSONAPIs.app */;
			productType = "com.apple.product-type.application";
		};
/* End PBXNativeTarget section */

/* Begin PBXProject section */
		5ED7A93D28FEFA01009CE3D0 /* Project object */ = {
			isa = PBXProject;
			attributes = {
				BuildIndependentTargetsInParallel = 1;
				LastSwiftUpdateCheck = 1400;
				LastUpgradeCheck = 1400;
				TargetAttributes = {
					5ED7A94428FEFA01009CE3D0 = {
						CreatedOnToolsVersion = 14.0.1;
					};
				};
			};
			buildConfigurationList = 5ED7A94028FEFA01009CE3D0 /* Build configuration list for PBXProject "AppStoreJSONAPIs" */;
			compatibilityVersion = "Xcode 14.0";
			developmentRegion = en;
			hasScannedForEncodings = 0;
			knownRegions = (
				en,
				Base,
			);
			mainGroup = 5ED7A93C28FEFA01009CE3D0;
			packageReferences = (
				5E8741FD2902AD3C00F93C34 /* XCRemoteSwiftPackageReference "SDWebImage" */,
			);
			productRefGroup = 5ED7A94628FEFA01009CE3D0 /* Products */;
			projectDirPath = "";
			projectRoot = "";
			targets = (
				5ED7A94428FEFA01009CE3D0 /* AppStoreJSONAPIs */,
			);
		};
/* End PBXProject section */

/* Begin PBXResourcesBuildPhase section */
		5ED7A94328FEFA01009CE3D0 /* Resources */ = {
			isa = PBXResourcesBuildPhase;
			buildActionMask = 2147483647;
			files = (
				5ED7A95528FEFA02009CE3D0 /* LaunchScreen.storyboard in Resources */,
				5ED7A95228FEFA02009CE3D0 /* Assets.xcassets in Resources */,
				5ED7A95028FEFA01009CE3D0 /* Main.storyboard in Resources */,
			);
			runOnlyForDeploymentPostprocessing = 0;
		};
/* End PBXResourcesBuildPhase section */

/* Begin PBXSourcesBuildPhase section */
		5ED7A94128FEFA01009CE3D0 /* Sources */ = {
			isa = PBXSourcesBuildPhase;
			buildActionMask = 2147483647;
			files = (
				5E8741F42901336900F93C34 /* 05_UIView+Layout.swift in Sources */,
				5E2C3481291006C800A70879 /* SocialApp.swift in Sources */,
				5E87420229041B9700F93C34 /* AppsPageController.swift in Sources */,
				5E8741F92901797000F93C34 /* SearchResult.swift in Sources */,
				5ED971582913D366004D82FB /* PreviewScreenshotsController.swift in Sources */,
				5ED7A95D28FEFD68009CE3D0 /* BaseTabBarController.swift in Sources */,
				5E87420E2904350500F93C34 /* AppRowCell.swift in Sources */,
				5ED7A94D28FEFA01009CE3D0 /* ViewController.swift in Sources */,
				5ED7A94928FEFA01009CE3D0 /* AppDelegate.swift in Sources */,
				5E87420829041F9800F93C34 /* AppsGroupCell.swift in Sources */,
				5ED9714C291282D0004D82FB /* HorizontalSnappingController.swift in Sources */,
				5ED9714E29129F35004D82FB /* BetterSnappingLayout.swift in Sources */,
				5E87420C2904281900F93C34 /* AppsHorizontalController.swift in Sources */,
				5ED9715A2913D7F9004D82FB /* ScreenshotCell.swift in Sources */,
				5ED971512912B9C7004D82FB /* AppDetailController.swift in Sources */,
				5E8741EE2900458900F93C34 /* AppsSearchController.swift in Sources */,
				5E38B05C29068E8C00C3576D /* AppsHeaderHorizontalController.swift in Sources */,
				5E38B05A29068A9E00C3576D /* AppsPageHeader.swift in Sources */,
				5E8741F629015BD000F93C34 /* VerticalStackView.swift in Sources */,
				5E8741FC290187C200F93C34 /* Service.swift in Sources */,
				5E87420A2904237800F93C34 /* Extensions.swift in Sources */,
				5E2C347F290EB29E00A70879 /* AppGroup.swift in Sources */,
				5ED971542912C81F004D82FB /* AppDetailCell.swift in Sources */,
				5E38B05E2906E5E500C3576D /* AppsHeaderCell.swift in Sources */,
				5ED971562913C307004D82FB /* PreviewCell.swift in Sources */,
				5E8741F129004C0A00F93C34 /* SearchResultCell.swift in Sources */,
				5E87420429041CEC00F93C34 /* BaseListController.swift in Sources */,
				5ED7A94B28FEFA01009CE3D0 /* SceneDelegate.swift in Sources */,
			);
			runOnlyForDeploymentPostprocessing = 0;
		};
/* End PBXSourcesBuildPhase section */

/* Begin PBXVariantGroup section */
		5ED7A94E28FEFA01009CE3D0 /* Main.storyboard */ = {
			isa = PBXVariantGroup;
			children = (
				5ED7A94F28FEFA01009CE3D0 /* Base */,
			);
			name = Main.storyboard;
			sourceTree = "<group>";
		};
		5ED7A95328FEFA02009CE3D0 /* LaunchScreen.storyboard */ = {
			isa = PBXVariantGroup;
			children = (
				5ED7A95428FEFA02009CE3D0 /* Base */,
			);
			name = LaunchScreen.storyboard;
			sourceTree = "<group>";
		};
/* End PBXVariantGroup section */

/* Begin XCBuildConfiguration section */
		5ED7A95728FEFA02009CE3D0 /* Debug */ = {
			isa = XCBuildConfiguration;
			buildSettings = {
				ALWAYS_SEARCH_USER_PATHS = NO;
				CLANG_ANALYZER_NONNULL = YES;
				CLANG_ANALYZER_NUMBER_OBJECT_CONVERSION = YES_AGGRESSIVE;
				CLANG_CXX_LANGUAGE_STANDARD = "gnu++20";
				CLANG_ENABLE_MODULES = YES;
				CLANG_ENABLE_OBJC_ARC = YES;
				CLANG_ENABLE_OBJC_WEAK = YES;
				CLANG_WARN_BLOCK_CAPTURE_AUTORELEASING = YES;
				CLANG_WARN_BOOL_CONVERSION = YES;
				CLANG_WARN_COMMA = YES;
				CLANG_WARN_CONSTANT_CONVERSION = YES;
				CLANG_WARN_DEPRECATED_OBJC_IMPLEMENTATIONS = YES;
				CLANG_WARN_DIRECT_OBJC_ISA_USAGE = YES_ERROR;
				CLANG_WARN_DOCUMENTATION_COMMENTS = YES;
				CLANG_WARN_EMPTY_BODY = YES;
				CLANG_WARN_ENUM_CONVERSION = YES;
				CLANG_WARN_INFINITE_RECURSION = YES;
				CLANG_WARN_INT_CONVERSION = YES;
				CLANG_WARN_NON_LITERAL_NULL_CONVERSION = YES;
				CLANG_WARN_OBJC_IMPLICIT_RETAIN_SELF = YES;
				CLANG_WARN_OBJC_LITERAL_CONVERSION = YES;
				CLANG_WARN_OBJC_ROOT_CLASS = YES_ERROR;
				CLANG_WARN_QUOTED_INCLUDE_IN_FRAMEWORK_HEADER = YES;
				CLANG_WARN_RANGE_LOOP_ANALYSIS = YES;
				CLANG_WARN_STRICT_PROTOTYPES = YES;
				CLANG_WARN_SUSPICIOUS_MOVE = YES;
				CLANG_WARN_UNGUARDED_AVAILABILITY = YES_AGGRESSIVE;
				CLANG_WARN_UNREACHABLE_CODE = YES;
				CLANG_WARN__DUPLICATE_METHOD_MATCH = YES;
				COPY_PHASE_STRIP = NO;
				DEBUG_INFORMATION_FORMAT = dwarf;
				ENABLE_STRICT_OBJC_MSGSEND = YES;
				ENABLE_TESTABILITY = YES;
				GCC_C_LANGUAGE_STANDARD = gnu11;
				GCC_DYNAMIC_NO_PIC = NO;
				GCC_NO_COMMON_BLOCKS = YES;
				GCC_OPTIMIZATION_LEVEL = 0;
				GCC_PREPROCESSOR_DEFINITIONS = (
					"DEBUG=1",
					"$(inherited)",
				);
				GCC_WARN_64_TO_32_BIT_CONVERSION = YES;
				GCC_WARN_ABOUT_RETURN_TYPE = YES_ERROR;
				GCC_WARN_UNDECLARED_SELECTOR = YES;
				GCC_WARN_UNINITIALIZED_AUTOS = YES_AGGRESSIVE;
				GCC_WARN_UNUSED_FUNCTION = YES;
				GCC_WARN_UNUSED_VARIABLE = YES;
				IPHONEOS_DEPLOYMENT_TARGET = 16.0;
				MTL_ENABLE_DEBUG_INFO = INCLUDE_SOURCE;
				MTL_FAST_MATH = YES;
				ONLY_ACTIVE_ARCH = YES;
				SDKROOT = iphoneos;
				SWIFT_ACTIVE_COMPILATION_CONDITIONS = DEBUG;
				SWIFT_OPTIMIZATION_LEVEL = "-Onone";
			};
			name = Debug;
		};
		5ED7A95828FEFA02009CE3D0 /* Release */ = {
			isa = XCBuildConfiguration;
			buildSettings = {
				ALWAYS_SEARCH_USER_PATHS = NO;
				CLANG_ANALYZER_NONNULL = YES;
				CLANG_ANALYZER_NUMBER_OBJECT_CONVERSION = YES_AGGRESSIVE;
				CLANG_CXX_LANGUAGE_STANDARD = "gnu++20";
				CLANG_ENABLE_MODULES = YES;
				CLANG_ENABLE_OBJC_ARC = YES;
				CLANG_ENABLE_OBJC_WEAK = YES;
				CLANG_WARN_BLOCK_CAPTURE_AUTORELEASING = YES;
				CLANG_WARN_BOOL_CONVERSION = YES;
				CLANG_WARN_COMMA = YES;
				CLANG_WARN_CONSTANT_CONVERSION = YES;
				CLANG_WARN_DEPRECATED_OBJC_IMPLEMENTATIONS = YES;
				CLANG_WARN_DIRECT_OBJC_ISA_USAGE = YES_ERROR;
				CLANG_WARN_DOCUMENTATION_COMMENTS = YES;
				CLANG_WARN_EMPTY_BODY = YES;
				CLANG_WARN_ENUM_CONVERSION = YES;
				CLANG_WARN_INFINITE_RECURSION = YES;
				CLANG_WARN_INT_CONVERSION = YES;
				CLANG_WARN_NON_LITERAL_NULL_CONVERSION = YES;
				CLANG_WARN_OBJC_IMPLICIT_RETAIN_SELF = YES;
				CLANG_WARN_OBJC_LITERAL_CONVERSION = YES;
				CLANG_WARN_OBJC_ROOT_CLASS = YES_ERROR;
				CLANG_WARN_QUOTED_INCLUDE_IN_FRAMEWORK_HEADER = YES;
				CLANG_WARN_RANGE_LOOP_ANALYSIS = YES;
				CLANG_WARN_STRICT_PROTOTYPES = YES;
				CLANG_WARN_SUSPICIOUS_MOVE = YES;
				CLANG_WARN_UNGUARDED_AVAILABILITY = YES_AGGRESSIVE;
				CLANG_WARN_UNREACHABLE_CODE = YES;
				CLANG_WARN__DUPLICATE_METHOD_MATCH = YES;
				COPY_PHASE_STRIP = NO;
				DEBUG_INFORMATION_FORMAT = "dwarf-with-dsym";
				ENABLE_NS_ASSERTIONS = NO;
				ENABLE_STRICT_OBJC_MSGSEND = YES;
				GCC_C_LANGUAGE_STANDARD = gnu11;
				GCC_NO_COMMON_BLOCKS = YES;
				GCC_WARN_64_TO_32_BIT_CONVERSION = YES;
				GCC_WARN_ABOUT_RETURN_TYPE = YES_ERROR;
				GCC_WARN_UNDECLARED_SELECTOR = YES;
				GCC_WARN_UNINITIALIZED_AUTOS = YES_AGGRESSIVE;
				GCC_WARN_UNUSED_FUNCTION = YES;
				GCC_WARN_UNUSED_VARIABLE = YES;
				IPHONEOS_DEPLOYMENT_TARGET = 16.0;
				MTL_ENABLE_DEBUG_INFO = NO;
				MTL_FAST_MATH = YES;
				SDKROOT = iphoneos;
				SWIFT_COMPILATION_MODE = wholemodule;
				SWIFT_OPTIMIZATION_LEVEL = "-O";
				VALIDATE_PRODUCT = YES;
			};
			name = Release;
		};
		5ED7A95A28FEFA02009CE3D0 /* Debug */ = {
			isa = XCBuildConfiguration;
			buildSettings = {
				ASSETCATALOG_COMPILER_APPICON_NAME = AppIcon;
				ASSETCATALOG_COMPILER_GLOBAL_ACCENT_COLOR_NAME = AccentColor;
				CODE_SIGN_STYLE = Automatic;
				CURRENT_PROJECT_VERSION = 1;
				DEVELOPMENT_TEAM = 753E9E6DKV;
				GENERATE_INFOPLIST_FILE = YES;
				INFOPLIST_FILE = AppStoreJSONAPIs/Info.plist;
				INFOPLIST_KEY_UIApplicationSupportsIndirectInputEvents = YES;
				INFOPLIST_KEY_UILaunchStoryboardName = LaunchScreen;
				INFOPLIST_KEY_UIMainStoryboardFile = Main;
				INFOPLIST_KEY_UISupportedInterfaceOrientations = UIInterfaceOrientationPortrait;
				INFOPLIST_KEY_UISupportedInterfaceOrientations_iPad = "UIInterfaceOrientationLandscapeLeft UIInterfaceOrientationLandscapeRight UIInterfaceOrientationPortrait UIInterfaceOrientationPortraitUpsideDown";
				LD_RUNPATH_SEARCH_PATHS = (
					"$(inherited)",
					"@executable_path/Frameworks",
				);
				MARKETING_VERSION = 1.0;
				PRODUCT_BUNDLE_IDENTIFIER = com.rcher.AppStoreJSONAPIs;
				PRODUCT_NAME = "$(TARGET_NAME)";
				SUPPORTED_PLATFORMS = "iphoneos iphonesimulator";
				SUPPORTS_MACCATALYST = NO;
				SUPPORTS_MAC_DESIGNED_FOR_IPHONE_IPAD = NO;
				SWIFT_EMIT_LOC_STRINGS = YES;
				SWIFT_VERSION = 5.0;
				TARGETED_DEVICE_FAMILY = 1;
			};
			name = Debug;
		};
		5ED7A95B28FEFA02009CE3D0 /* Release */ = {
			isa = XCBuildConfiguration;
			buildSettings = {
				ASSETCATALOG_COMPILER_APPICON_NAME = AppIcon;
				ASSETCATALOG_COMPILER_GLOBAL_ACCENT_COLOR_NAME = AccentColor;
				CODE_SIGN_STYLE = Automatic;
				CURRENT_PROJECT_VERSION = 1;
				DEVELOPMENT_TEAM = 753E9E6DKV;
				GENERATE_INFOPLIST_FILE = YES;
				INFOPLIST_FILE = AppStoreJSONAPIs/Info.plist;
				INFOPLIST_KEY_UIApplicationSupportsIndirectInputEvents = YES;
				INFOPLIST_KEY_UILaunchStoryboardName = LaunchScreen;
				INFOPLIST_KEY_UIMainStoryboardFile = Main;
				INFOPLIST_KEY_UISupportedInterfaceOrientations = UIInterfaceOrientationPortrait;
				INFOPLIST_KEY_UISupportedInterfaceOrientations_iPad = "UIInterfaceOrientationLandscapeLeft UIInterfaceOrientationLandscapeRight UIInterfaceOrientationPortrait UIInterfaceOrientationPortraitUpsideDown";
				LD_RUNPATH_SEARCH_PATHS = (
					"$(inherited)",
					"@executable_path/Frameworks",
				);
				MARKETING_VERSION = 1.0;
				PRODUCT_BUNDLE_IDENTIFIER = com.rcher.AppStoreJSONAPIs;
				PRODUCT_NAME = "$(TARGET_NAME)";
				SUPPORTED_PLATFORMS = "iphoneos iphonesimulator";
				SUPPORTS_MACCATALYST = NO;
				SUPPORTS_MAC_DESIGNED_FOR_IPHONE_IPAD = NO;
				SWIFT_EMIT_LOC_STRINGS = YES;
				SWIFT_VERSION = 5.0;
				TARGETED_DEVICE_FAMILY = 1;
			};
			name = Release;
		};
/* End XCBuildConfiguration section */

/* Begin XCConfigurationList section */
		5ED7A94028FEFA01009CE3D0 /* Build configuration list for PBXProject "AppStoreJSONAPIs" */ = {
			isa = XCConfigurationList;
			buildConfigurations = (
				5ED7A95728FEFA02009CE3D0 /* Debug */,
				5ED7A95828FEFA02009CE3D0 /* Release */,
			);
			defaultConfigurationIsVisible = 0;
			defaultConfigurationName = Release;
		};
		5ED7A95928FEFA02009CE3D0 /* Build configuration list for PBXNativeTarget "AppStoreJSONAPIs" */ = {
			isa = XCConfigurationList;
			buildConfigurations = (
				5ED7A95A28FEFA02009CE3D0 /* Debug */,
				5ED7A95B28FEFA02009CE3D0 /* Release */,
			);
			defaultConfigurationIsVisible = 0;
			defaultConfigurationName = Release;
		};
/* End XCConfigurationList section */

/* Begin XCRemoteSwiftPackageReference section */
		5E8741FD2902AD3C00F93C34 /* XCRemoteSwiftPackageReference "SDWebImage" */ = {
			isa = XCRemoteSwiftPackageReference;
			repositoryURL = "https://github.com/SDWebImage/SDWebImage.git";
			requirement = {
				kind = upToNextMajorVersion;
				minimumVersion = 5.0.0;
			};
		};
/* End XCRemoteSwiftPackageReference section */

/* Begin XCSwiftPackageProductDependency section */
		5E8741FE2902AD3C00F93C34 /* SDWebImage */ = {
			isa = XCSwiftPackageProductDependency;
			package = 5E8741FD2902AD3C00F93C34 /* XCRemoteSwiftPackageReference "SDWebImage" */;
			productName = SDWebImage;
		};
/* End XCSwiftPackageProductDependency section */
	};
	rootObject = 5ED7A93D28FEFA01009CE3D0 /* Project object */;
}
